
Microsoft Visual Studio Solution File, Format Version 12.00
# Visual Studio 2013
VisualStudioVersion = 12.0.20827.3
MinimumVisualStudioVersion = 10.0.40219.1
Project("{FAE04EC0-301F-11D3-BF4B-00C04F79EFBC}") = "Service", "MultiDataBases\Service.csproj", "{2D31B1EA-FD0C-4A19-A745-FC6C1A9A6BBA}"
EndProject
Project("{FAE04EC0-301F-11D3-BF4B-00C04F79EFBC}") = "Client", "DatabaseClient\Client.csproj", "{D18AB4F6-486B-496B-A287-ECEE0D8F8220}"
EndProject
Project("{FAE04EC0-301F-11D3-BF4B-00C04F79EFBC}") = "MultiDatabases.UniversityModel", "MultiDatabases.UniversityModel\MultiDatabases.UniversityModel.csproj", "{1FF5C5F6-00F0-4DCD-9F57-099AFF03FB17}"
EndProject
Global
	GlobalSection(SolutionConfigurationPlatforms) = preSolution
		Debug|Any CPU = Debug|Any CPU
		Release|Any CPU = Release|Any CPU
	EndGlobalSection
	GlobalSection(ProjectConfigurationPlatforms) = postSolution
		{2D31B1EA-FD0C-4A19-A745-FC6C1A9A6BBA}.Debug|Any CPU.ActiveCfg = Debug|Any CPU
		{2D31B1EA-FD0C-4A19-A745-FC6C1A9A6BBA}.Debug|Any CPU.Build.0 = Debug|Any CPU
		{2D31B1EA-FD0C-4A19-A745-FC6C1A9A6BBA}.Release|Any CPU.ActiveCfg = Release|Any CPU
		{2D31B1EA-FD0C-4A19-A745-FC6C1A9A6BBA}.Release|Any CPU.Build.0 = Release|Any CPU
		{D18AB4F6-486B-496B-A287-ECEE0D8F8220}.Debug|Any CPU.ActiveCfg = Debug|Any CPU
		{D18AB4F6-486B-496B-A287-ECEE0D8F8220}.Debug|Any CPU.Build.0 = Debug|Any CPU
		{D18AB4F6-486B-496B-A287-ECEE0D8F8220}.Release|Any CPU.ActiveCfg = Release|Any CPU
		{D18AB4F6-486B-496B-A287-ECEE0D8F8220}.Release|Any CPU.Build.0 = Release|Any CPU
		{1FF5C5F6-00F0-4DCD-9F57-099AFF03FB17}.Debug|Any CPU.ActiveCfg = Debug|Any CPU
		{1FF5C5F6-00F0-4DCD-9F57-099AFF03FB17}.Debug|Any CPU.Build.0 = Debug|Any CPU
		{1FF5C5F6-00F0-4DCD-9F57-099AFF03FB17}.Release|Any CPU.ActiveCfg = Release|Any CPU
		{1FF5C5F6-00F0-4DCD-9F57-099AFF03FB17}.Release|Any CPU.Build.0 = Release|Any CPU
	EndGlobalSection
	GlobalSection(SolutionProperties) = preSolution
		HideSolutionNode = FALSE
	EndGlobalSection
EndGlobal
